
Microsoft Visual Studio Solution File, Format Version 12.00
# Visual Studio 15
VisualStudioVersion = 15.0.28307.102
MinimumVisualStudioVersion = 10.0.40219.1
Project("{FAE04EC0-301F-11D3-BF4B-00C04F79EFBC}") = "fullcalendar-core", "fullcalendar-core\fullcalendar-core.csproj", "{2078C5D9-98D4-4838-A4BE-C8B25A9493A0}"
EndProject
Global
	GlobalSection(SolutionConfigurationPlatforms) = preSolution
		Debug|Any CPU = Debug|Any CPU
		Release|Any CPU = Release|Any CPU
	EndGlobalSection
	GlobalSection(ProjectConfigurationPlatforms) = postSolution
		{2078C5D9-98D4-4838-A4BE-C8B25A9493A0}.Debug|Any CPU.ActiveCfg = Debug|Any CPU
		{2078C5D9-98D4-4838-A4BE-C8B25A9493A0}.Debug|Any CPU.Build.0 = Debug|Any CPU
		{2078C5D9-98D4-4838-A4BE-C8B25A9493A0}.Release|Any CPU.ActiveCfg = Release|Any CPU
		{2078C5D9-98D4-4838-A4BE-C8B25A9493A0}.Release|Any CPU.Build.0 = Release|Any CPU
	EndGlobalSection
	GlobalSection(SolutionProperties) = preSolution
		HideSolutionNode = FALSE
	EndGlobalSection
	GlobalSection(ExtensibilityGlobals) = postSolution
		SolutionGuid = {7DD08254-423A-4078-9C00-6AA7D9F70B5D}
	EndGlobalSection
EndGlobal
